{
  "requires": true,
  "lockfileVersion": 1,
  "dependencies": {
    "@angular/common": {
      "version": "4.4.3",
      "resolved": "https://nexus13.appdes.bvnet.bv/repository/npm-group/@angular/common/-/common-4.4.3.tgz",
      "integrity": "sha1-+SrGiwK+xfDm02A6hDKU3JbJYHQ=",
      "requires": {
        "tslib": "^1.7.1"
      }
    },
    "@angular/compiler": {
      "version": "4.4.3",
      "resolved": "https://nexus13.appdes.bvnet.bv/repository/npm-group/@angular/compiler/-/compiler-4.4.3.tgz",
      "integrity": "sha1-jwEWPa19s0CEl9mdOHVUtrGFrWY=",
      "requires": {
        "tslib": "^1.7.1"
      }
    },
    "@angular/core": {
      "version": "4.4.3",
      "resolved": "https://nexus13.appdes.bvnet.bv/repository/npm-group/@angular/core/-/core-4.4.3.tgz",
      "integrity": "sha1-5x0rB76qy6tIq39R1OIobqXXDhU=",
      "requires": {
        "tslib": "^1.7.1"
      }
    },
    "@angular/forms": {
      "version": "4.4.3",
      "resolved": "https://nexus13.appdes.bvnet.bv/repository/npm-group/@angular/forms/-/forms-4.4.3.tgz",
      "integrity": "sha1-JbQburWL8dqHJBHIUXwQ18U3PY4=",
      "requires": {
        "tslib": "^1.7.1"
      }
    },
    "@angular/http": {
      "version": "4.4.3",
      "resolved": "https://nexus13.appdes.bvnet.bv/repository/npm-group/@angular/http/-/http-4.4.3.tgz",
      "integrity": "sha1-tVftJBRKrMRLE2zUd+hNL1eAiQM=",
      "requires": {
        "tslib": "^1.7.1"
      }
    },
    "@angular/platform-browser": {
      "version": "4.4.3",
      "resolved": "https://nexus13.appdes.bvnet.bv/repository/npm-group/@angular/platform-browser/-/platform-browser-4.4.3.tgz",
      "integrity": "sha1-I/mkW9Pcf0TZeHf7+OYDLez8ncs=",
      "requires": {
        "tslib": "^1.7.1"
      }
    },
    "@angular/platform-browser-dynamic": {
      "version": "4.4.3",
      "resolved": "https://nexus13.appdes.bvnet.bv/repository/npm-group/@angular/platform-browser-dynamic/-/platform-browser-dynamic-4.4.3.tgz",
      "integrity": "sha1-5B3dglJDJ3UxDqtZQM3Y3wYY8IQ=",
      "requires": {
        "tslib": "^1.7.1"
      }
    },
    "@angular/router": {
      "version": "4.4.3",
      "resolved": "https://nexus13.appdes.bvnet.bv/repository/npm-group/@angular/router/-/router-4.4.3.tgz",
      "integrity": "sha1-JsyUd1o4YJRq6vHC6PYPTUTpCZE=",
      "requires": {
        "tslib": "^1.7.1"
      }
    },
    "core-js": {
      "version": "2.5.1",
      "resolved": "https://nexus13.appdes.bvnet.bv/repository/npm-group/core-js/-/core-js-2.5.1.tgz",
      "integrity": "sha1-rmh03GaTd4m4B1T/VCjfZoGcpQs="
    },
    "ng4-mask": {
      "version": "1.0.5",
      "resolved": "https://nexus13.appdes.bvnet.bv/repository/npm-group/ng4-mask/-/ng4-mask-1.0.5.tgz",
      "integrity": "sha512-5IRgyZnVyQcAhyR1znkuBcgrf1ujVpvT0Ofp7bSMl6ENHR/E9tmpfL9KRy82NUtQEl7t+GtYV9cBHGDMI9YizA==",
      "requires": {
        "@angular/common": "4.4.3",
        "@angular/compiler": "4.4.3",
        "@angular/core": "4.4.3",
        "@angular/forms": "4.4.3",
        "@angular/http": "4.4.3",
        "@angular/platform-browser": "4.4.3",
        "@angular/platform-browser-dynamic": "4.4.3",
        "@angular/router": "4.4.3",
        "core-js": "2.5.1",
        "rxjs": "5.4.3",
        "ts-helpers": "1.1.2",
        "zone.js": "0.8.18"
      }
    },
    "rxjs": {
      "version": "5.4.3",
      "resolved": "https://nexus13.appdes.bvnet.bv/repository/npm-group/rxjs/-/rxjs-5.4.3.tgz",
      "integrity": "sha512-fSNi+y+P9ss+EZuV0GcIIqPUK07DEaMRUtLJvdcvMyFjc9dizuDjere+A4V7JrLGnm9iCc+nagV/4QdMTkqC4A==",
      "requires": {
        "symbol-observable": "^1.0.1"
      }
    },
    "symbol-observable": {
      "version": "1.2.0",
      "resolved": "https://nexus13.appdes.bvnet.bv/repository/npm-group/symbol-observable/-/symbol-observable-1.2.0.tgz",
      "integrity": "sha512-e900nM8RRtGhlV36KGEU9k65K3mPb1WV70OdjfxlG2EAuM1noi/E/BaW/uMhL7bPEssK8QV57vN3esixjUvcXQ=="
    },
    "ts-helpers": {
      "version": "1.1.2",
      "resolved": "https://nexus13.appdes.bvnet.bv/repository/npm-group/ts-helpers/-/ts-helpers-1.1.2.tgz",
      "integrity": "sha1-/Gm+nx87rtAfsaDvjUz+dIgU2DU="
    },
    "tslib": {
      "version": "1.9.3",
      "resolved": "https://nexus13.appdes.bvnet.bv/repository/npm-group/tslib/-/tslib-1.9.3.tgz",
      "integrity": "sha512-4krF8scpejhaOgqzBEcGM7yDIEfi0/8+8zDRZhNZZ2kjmHJ4hv3zCbQWxoJGz1iw5U0Jl0nma13xzHXcncMavQ=="
    },
    "zone.js": {
      "version": "0.8.18",
      "resolved": "https://nexus13.appdes.bvnet.bv/repository/npm-group/zone.js/-/zone.js-0.8.18.tgz",
      "integrity": "sha512-knKOBQM0oea3/x9pdyDuDi7RhxDlJhOIkeixXSiTKWLgs4LpK37iBc+1HaHwzlciHUKT172CymJFKo8Xgh+44Q=="
    }
  }
}
